
Microsoft Visual Studio Solution File, Format Version 12.00
# Visual Studio Version 17
VisualStudioVersion = 17.14.36401.2 d17.14
MinimumVisualStudioVersion = 10.0.40219.1
Project("{8BC9CEB8-8B4A-11D0-8D11-00A0C91BC942}") = "Proyecto Moises Ramirez", "Proyecto Moises Ramirez\Proyecto Moises Ramirez.vcxproj", "{7E9CEB5E-825A-4CCC-ABDF-D10614BA2FE4}"
EndProject
Global
	GlobalSection(SolutionConfigurationPlatforms) = preSolution
		Debug|x64 = Debug|x64
		Debug|x86 = Debug|x86
		Release|x64 = Release|x64
		Release|x86 = Release|x86
	EndGlobalSection
	GlobalSection(ProjectConfigurationPlatforms) = postSolution
		{7E9CEB5E-825A-4CCC-ABDF-D10614BA2FE4}.Debug|x64.ActiveCfg = Debug|x64
		{7E9CEB5E-825A-4CCC-ABDF-D10614BA2FE4}.Debug|x64.Build.0 = Debug|x64
		{7E9CEB5E-825A-4CCC-ABDF-D10614BA2FE4}.Debug|x86.ActiveCfg = Debug|Win32
		{7E9CEB5E-825A-4CCC-ABDF-D10614BA2FE4}.Debug|x86.Build.0 = Debug|Win32
		{7E9CEB5E-825A-4CCC-ABDF-D10614BA2FE4}.Release|x64.ActiveCfg = Release|x64
		{7E9CEB5E-825A-4CCC-ABDF-D10614BA2FE4}.Release|x64.Build.0 = Release|x64
		{7E9CEB5E-825A-4CCC-ABDF-D10614BA2FE4}.Release|x86.ActiveCfg = Release|Win32
		{7E9CEB5E-825A-4CCC-ABDF-D10614BA2FE4}.Release|x86.Build.0 = Release|Win32
	EndGlobalSection
	GlobalSection(SolutionProperties) = preSolution
		HideSolutionNode = FALSE
	EndGlobalSection
	GlobalSection(ExtensibilityGlobals) = postSolution
		SolutionGuid = {232ACD51-AC34-4647-974B-554705D6F787}
	EndGlobalSection
EndGlobal
